
Microsoft Visual Studio Solution File, Format Version 12.00
# Visual Studio Version 17
VisualStudioVersion = 17.5.33209.295
MinimumVisualStudioVersion = 10.0.40219.1
Project("{2150E333-8FDC-42A3-9474-1A3956D46DE8}") = "src", "src", "{CFD3F51F-FDF3-408B-99A2-7D9D65354BC4}"
EndProject
Project("{2150E333-8FDC-42A3-9474-1A3956D46DE8}") = "web", "web", "{8269A6D7-63F9-492F-83A7-A2055BE695F9}"
EndProject
Project("{9A19103F-16F7-4668-BE54-9A1E7A4F7556}") = "Blog.Component", "src\web\Blog.Component\Blog.Component.csproj", "{7D8B3CBA-67BB-4389-8BB3-87DEDD52473B}"
EndProject
Project("{9A19103F-16F7-4668-BE54-9A1E7A4F7556}") = "Blog.Server.Web", "src\web\Blog.Server.Web\Blog.Server.Web.csproj", "{DB0E7D32-A499-4402-890D-607CDE9997BC}"
EndProject
Project("{2150E333-8FDC-42A3-9474-1A3956D46DE8}") = "server", "server", "{EA69AC5E-31FD-4254-AE4E-7E2E09F9EE9D}"
EndProject
Project("{9A19103F-16F7-4668-BE54-9A1E7A4F7556}") = "Blog.Application", "src\server\Blog.Application\Blog.Application.csproj", "{4E01079D-39FC-45E6-862F-05826E86B933}"
EndProject
Project("{FAE04EC0-301F-11D3-BF4B-00C04F79EFBC}") = "Blog.Application.Contract", "src\server\Blog.Application.Contract\Blog.Application.Contract.csproj", "{667AF18D-6537-44AC-868B-39EF23DE2816}"
EndProject
Project("{FAE04EC0-301F-11D3-BF4B-00C04F79EFBC}") = "Blog.HttpApi.Host", "src\server\Blog.HttpApi.Host\Blog.HttpApi.Host.csproj", "{93B8EC4E-40E3-452B-9042-6977FD049C00}"
EndProject
Project("{FAE04EC0-301F-11D3-BF4B-00C04F79EFBC}") = "Blog.EntityFrameworkCore", "src\server\Blog.EntityFrameworkCore\Blog.EntityFrameworkCore.csproj", "{07F69075-FE23-4567-9C34-3094120E49E2}"
EndProject
Project("{FAE04EC0-301F-11D3-BF4B-00C04F79EFBC}") = "Blog.Domain", "src\server\Blog.Domain\Blog.Domain.csproj", "{5CC960DA-F85F-4FBF-814A-B50944ED7483}"
EndProject
Project("{FAE04EC0-301F-11D3-BF4B-00C04F79EFBC}") = "Blog.Domain.Shared", "src\server\Blog.Domain.Shared\Blog.Domain.Shared.csproj", "{A15BB803-CAF3-47D4-8241-EAF620937040}"
EndProject
Project("{FAE04EC0-301F-11D3-BF4B-00C04F79EFBC}") = "Blog.DbMigrator", "src\server\Blog.DbMigrator\Blog.DbMigrator.csproj", "{A600F29E-B216-4258-AC2B-AEEE4D1257C5}"
EndProject
Project("{FAE04EC0-301F-11D3-BF4B-00C04F79EFBC}") = "Blog.HttpApi.Client", "src\web\Blog.HttpApi.Client\Blog.HttpApi.Client.csproj", "{99E17349-FD5A-4EAA-93C2-1CBDE8FE5A39}"
EndProject
Global
	GlobalSection(SolutionConfigurationPlatforms) = preSolution
		Debug|Any CPU = Debug|Any CPU
		Release|Any CPU = Release|Any CPU
	EndGlobalSection
	GlobalSection(ProjectConfigurationPlatforms) = postSolution
		{7D8B3CBA-67BB-4389-8BB3-87DEDD52473B}.Debug|Any CPU.ActiveCfg = Debug|Any CPU
		{7D8B3CBA-67BB-4389-8BB3-87DEDD52473B}.Debug|Any CPU.Build.0 = Debug|Any CPU
		{7D8B3CBA-67BB-4389-8BB3-87DEDD52473B}.Release|Any CPU.ActiveCfg = Release|Any CPU
		{7D8B3CBA-67BB-4389-8BB3-87DEDD52473B}.Release|Any CPU.Build.0 = Release|Any CPU
		{DB0E7D32-A499-4402-890D-607CDE9997BC}.Debug|Any CPU.ActiveCfg = Debug|Any CPU
		{DB0E7D32-A499-4402-890D-607CDE9997BC}.Debug|Any CPU.Build.0 = Debug|Any CPU
		{DB0E7D32-A499-4402-890D-607CDE9997BC}.Release|Any CPU.ActiveCfg = Release|Any CPU
		{DB0E7D32-A499-4402-890D-607CDE9997BC}.Release|Any CPU.Build.0 = Release|Any CPU
		{4E01079D-39FC-45E6-862F-05826E86B933}.Debug|Any CPU.ActiveCfg = Debug|Any CPU
		{4E01079D-39FC-45E6-862F-05826E86B933}.Debug|Any CPU.Build.0 = Debug|Any CPU
		{4E01079D-39FC-45E6-862F-05826E86B933}.Release|Any CPU.ActiveCfg = Release|Any CPU
		{4E01079D-39FC-45E6-862F-05826E86B933}.Release|Any CPU.Build.0 = Release|Any CPU
		{667AF18D-6537-44AC-868B-39EF23DE2816}.Debug|Any CPU.ActiveCfg = Debug|Any CPU
		{667AF18D-6537-44AC-868B-39EF23DE2816}.Debug|Any CPU.Build.0 = Debug|Any CPU
		{667AF18D-6537-44AC-868B-39EF23DE2816}.Release|Any CPU.ActiveCfg = Release|Any CPU
		{667AF18D-6537-44AC-868B-39EF23DE2816}.Release|Any CPU.Build.0 = Release|Any CPU
		{93B8EC4E-40E3-452B-9042-6977FD049C00}.Debug|Any CPU.ActiveCfg = Debug|Any CPU
		{93B8EC4E-40E3-452B-9042-6977FD049C00}.Debug|Any CPU.Build.0 = Debug|Any CPU
		{93B8EC4E-40E3-452B-9042-6977FD049C00}.Release|Any CPU.ActiveCfg = Release|Any CPU
		{93B8EC4E-40E3-452B-9042-6977FD049C00}.Release|Any CPU.Build.0 = Release|Any CPU
		{07F69075-FE23-4567-9C34-3094120E49E2}.Debug|Any CPU.ActiveCfg = Debug|Any CPU
		{07F69075-FE23-4567-9C34-3094120E49E2}.Debug|Any CPU.Build.0 = Debug|Any CPU
		{07F69075-FE23-4567-9C34-3094120E49E2}.Release|Any CPU.ActiveCfg = Release|Any CPU
		{07F69075-FE23-4567-9C34-3094120E49E2}.Release|Any CPU.Build.0 = Release|Any CPU
		{5CC960DA-F85F-4FBF-814A-B50944ED7483}.Debug|Any CPU.ActiveCfg = Debug|Any CPU
		{5CC960DA-F85F-4FBF-814A-B50944ED7483}.Debug|Any CPU.Build.0 = Debug|Any CPU
		{5CC960DA-F85F-4FBF-814A-B50944ED7483}.Release|Any CPU.ActiveCfg = Release|Any CPU
		{5CC960DA-F85F-4FBF-814A-B50944ED7483}.Release|Any CPU.Build.0 = Release|Any CPU
		{A15BB803-CAF3-47D4-8241-EAF620937040}.Debug|Any CPU.ActiveCfg = Debug|Any CPU
		{A15BB803-CAF3-47D4-8241-EAF620937040}.Debug|Any CPU.Build.0 = Debug|Any CPU
		{A15BB803-CAF3-47D4-8241-EAF620937040}.Release|Any CPU.ActiveCfg = Release|Any CPU
		{A15BB803-CAF3-47D4-8241-EAF620937040}.Release|Any CPU.Build.0 = Release|Any CPU
		{A600F29E-B216-4258-AC2B-AEEE4D1257C5}.Debug|Any CPU.ActiveCfg = Debug|Any CPU
		{A600F29E-B216-4258-AC2B-AEEE4D1257C5}.Debug|Any CPU.Build.0 = Debug|Any CPU
		{A600F29E-B216-4258-AC2B-AEEE4D1257C5}.Release|Any CPU.ActiveCfg = Release|Any CPU
		{A600F29E-B216-4258-AC2B-AEEE4D1257C5}.Release|Any CPU.Build.0 = Release|Any CPU
		{99E17349-FD5A-4EAA-93C2-1CBDE8FE5A39}.Debug|Any CPU.ActiveCfg = Debug|Any CPU
		{99E17349-FD5A-4EAA-93C2-1CBDE8FE5A39}.Debug|Any CPU.Build.0 = Debug|Any CPU
		{99E17349-FD5A-4EAA-93C2-1CBDE8FE5A39}.Release|Any CPU.ActiveCfg = Release|Any CPU
		{99E17349-FD5A-4EAA-93C2-1CBDE8FE5A39}.Release|Any CPU.Build.0 = Release|Any CPU
	EndGlobalSection
	GlobalSection(SolutionProperties) = preSolution
		HideSolutionNode = FALSE
	EndGlobalSection
	GlobalSection(NestedProjects) = preSolution
		{8269A6D7-63F9-492F-83A7-A2055BE695F9} = {CFD3F51F-FDF3-408B-99A2-7D9D65354BC4}
		{7D8B3CBA-67BB-4389-8BB3-87DEDD52473B} = {8269A6D7-63F9-492F-83A7-A2055BE695F9}
		{DB0E7D32-A499-4402-890D-607CDE9997BC} = {8269A6D7-63F9-492F-83A7-A2055BE695F9}
		{EA69AC5E-31FD-4254-AE4E-7E2E09F9EE9D} = {CFD3F51F-FDF3-408B-99A2-7D9D65354BC4}
		{4E01079D-39FC-45E6-862F-05826E86B933} = {EA69AC5E-31FD-4254-AE4E-7E2E09F9EE9D}
		{667AF18D-6537-44AC-868B-39EF23DE2816} = {EA69AC5E-31FD-4254-AE4E-7E2E09F9EE9D}
		{93B8EC4E-40E3-452B-9042-6977FD049C00} = {EA69AC5E-31FD-4254-AE4E-7E2E09F9EE9D}
		{07F69075-FE23-4567-9C34-3094120E49E2} = {EA69AC5E-31FD-4254-AE4E-7E2E09F9EE9D}
		{5CC960DA-F85F-4FBF-814A-B50944ED7483} = {EA69AC5E-31FD-4254-AE4E-7E2E09F9EE9D}
		{A15BB803-CAF3-47D4-8241-EAF620937040} = {EA69AC5E-31FD-4254-AE4E-7E2E09F9EE9D}
		{A600F29E-B216-4258-AC2B-AEEE4D1257C5} = {EA69AC5E-31FD-4254-AE4E-7E2E09F9EE9D}
		{99E17349-FD5A-4EAA-93C2-1CBDE8FE5A39} = {8269A6D7-63F9-492F-83A7-A2055BE695F9}
	EndGlobalSection
	GlobalSection(ExtensibilityGlobals) = postSolution
		SolutionGuid = {8FF0B22F-2F83-4377-AE55-3AEC296BDC45}
	EndGlobalSection
EndGlobal
