Microsoft Visual Studio Solution File, Format Version 12.00
# Visual Studio Version 16
VisualStudioVersion = 16.0.0.0
MinimumVisualStudioVersion = 16.0.0.0
Project("{9A19103F-16F7-4668-BE54-9A1E7A4F7556}") = "Blog.Web", "Blog.Web\Blog.Web.csproj", "{1F34D88F-3972-4A14-9049-D06E8B5E2441}"
EndProject
Project("{9A19103F-16F7-4668-BE54-9A1E7A4F7556}") = "Blog.Web.Client", "Blog.Web.Client\Blog.Web.Client.csproj", "{75059115-A669-4933-9158-B222572DB69B}"
EndProject
Global
	GlobalSection(SolutionConfigurationPlatforms) = preSolution
		Debug|Any CPU = Debug|Any CPU
		Debug|x64 = Debug|x64
		Debug|x86 = Debug|x86
		Release|Any CPU = Release|Any CPU
		Release|x64 = Release|x64
		Release|x86 = Release|x86
	EndGlobalSection
	GlobalSection(ProjectConfigurationPlatforms) = postSolution
		{75059115-A669-4933-9158-B222572DB69B}.Debug|Any CPU.ActiveCfg = Debug|Any CPU
		{75059115-A669-4933-9158-B222572DB69B}.Debug|Any CPU.Build.0 = Debug|Any CPU
		{75059115-A669-4933-9158-B222572DB69B}.Debug|x64.ActiveCfg = Debug|Any CPU
		{75059115-A669-4933-9158-B222572DB69B}.Debug|x64.Build.0 = Debug|Any CPU
		{75059115-A669-4933-9158-B222572DB69B}.Debug|x86.ActiveCfg = Debug|Any CPU
		{75059115-A669-4933-9158-B222572DB69B}.Debug|x86.Build.0 = Debug|Any CPU
		{75059115-A669-4933-9158-B222572DB69B}.Release|Any CPU.ActiveCfg = Release|Any CPU
		{75059115-A669-4933-9158-B222572DB69B}.Release|Any CPU.Build.0 = Release|Any CPU
		{75059115-A669-4933-9158-B222572DB69B}.Release|x64.ActiveCfg = Release|Any CPU
		{75059115-A669-4933-9158-B222572DB69B}.Release|x64.Build.0 = Release|Any CPU
		{75059115-A669-4933-9158-B222572DB69B}.Release|x86.ActiveCfg = Release|Any CPU
		{75059115-A669-4933-9158-B222572DB69B}.Release|x86.Build.0 = Release|Any CPU
		{1F34D88F-3972-4A14-9049-D06E8B5E2441}.Debug|Any CPU.ActiveCfg = Debug|Any CPU
		{1F34D88F-3972-4A14-9049-D06E8B5E2441}.Debug|Any CPU.Build.0 = Debug|Any CPU
		{1F34D88F-3972-4A14-9049-D06E8B5E2441}.Debug|x64.ActiveCfg = Debug|Any CPU
		{1F34D88F-3972-4A14-9049-D06E8B5E2441}.Debug|x64.Build.0 = Debug|Any CPU
		{1F34D88F-3972-4A14-9049-D06E8B5E2441}.Debug|x86.ActiveCfg = Debug|Any CPU
		{1F34D88F-3972-4A14-9049-D06E8B5E2441}.Debug|x86.Build.0 = Debug|Any CPU
		{1F34D88F-3972-4A14-9049-D06E8B5E2441}.Release|Any CPU.ActiveCfg = Release|Any CPU
		{1F34D88F-3972-4A14-9049-D06E8B5E2441}.Release|Any CPU.Build.0 = Release|Any CPU
		{1F34D88F-3972-4A14-9049-D06E8B5E2441}.Release|x64.ActiveCfg = Release|Any CPU
		{1F34D88F-3972-4A14-9049-D06E8B5E2441}.Release|x64.Build.0 = Release|Any CPU
		{1F34D88F-3972-4A14-9049-D06E8B5E2441}.Release|x86.ActiveCfg = Release|Any CPU
		{1F34D88F-3972-4A14-9049-D06E8B5E2441}.Release|x86.Build.0 = Release|Any CPU
	EndGlobalSection
	GlobalSection(SolutionProperties) = preSolution
		HideSolutionNode = FALSE
	EndGlobalSection
	GlobalSection(ExtensibilityGlobals) = postSolution
		SolutionGuid = {B92E4E04-2120-42E2-B9F9-D41AF68B58FA}
	EndGlobalSection
EndGlobal
