
Microsoft Visual Studio Solution File, Format Version 12.00
# Visual Studio Version 17
VisualStudioVersion = 17.0.31521.260
MinimumVisualStudioVersion = 10.0.40219.1
Project("{2150E333-8FDC-42A3-9474-1A3956D46DE8}") = "src", "src", "{92F40AFA-8416-40BE-9893-D35E1924C69D}"
EndProject
Project("{2150E333-8FDC-42A3-9474-1A3956D46DE8}") = "Services", "Services", "{4A1D2DFA-D091-4CD2-B9CB-D7AAA795ABD9}"
EndProject
Project("{2150E333-8FDC-42A3-9474-1A3956D46DE8}") = "dapr", "dapr", "{E011B243-0389-468B-B903-83445BED69A4}"
EndProject
Project("{2150E333-8FDC-42A3-9474-1A3956D46DE8}") = "components", "components", "{FBFB499A-7022-4417-881B-68F63DBDB7F4}"
	ProjectSection(SolutionItems) = preProject
		dapr\components\pubsub.yaml = dapr\components\pubsub.yaml
		dapr\components\statestore.yaml = dapr\components\statestore.yaml
	EndProjectSection
EndProject
Project("{9A19103F-16F7-4668-BE54-9A1E7A4F7556}") = "TokenBlog.Service.Order", "src\Services\TokenBlog.Service\TokenBlog.Service.Order.csproj", "{4F5692DD-E6F4-4147-B059-92373831EB2B}"
EndProject
Project("{2150E333-8FDC-42A3-9474-1A3956D46DE8}") = "Contracts", "Contracts", "{88AD0A79-5286-4C1C-8A58-AAC9E6870CCD}"
EndProject
Project("{9A19103F-16F7-4668-BE54-9A1E7A4F7556}") = "TokenBlog.Contracts.Order", "src\Contracts\TokenBlog.Contracts.Order\TokenBlog.Contracts.Order.csproj", "{B8B67934-BB85-48F3-B790-66D26EC23C2C}"
EndProject
Project("{2150E333-8FDC-42A3-9474-1A3956D46DE8}") = "Web", "Web", "{F3986DD3-0372-4929-B72A-09D93196541E}"
EndProject
Project("{2150E333-8FDC-42A3-9474-1A3956D46DE8}") = "ApiGateways", "ApiGateways", "{32774681-0D67-48A6-A379-D57015094F85}"
EndProject
Project("{9A19103F-16F7-4668-BE54-9A1E7A4F7556}") = "TokenBlog.Caller", "src\ApiGateways\Caller\TokenBlog.Caller\TokenBlog.Caller.csproj", "{E31BAA1D-1A07-4F7E-9E73-DC11FAD34915}"
EndProject
Project("{9A19103F-16F7-4668-BE54-9A1E7A4F7556}") = "TokenBlog", "src\Web\TokenBlog\TokenBlog.csproj", "{136F7AE9-8428-40CC-831E-89AF92D70D66}"
EndProject
Project("{9A19103F-16F7-4668-BE54-9A1E7A4F7556}") = "TokenBlog.Server", "src\Web\TokenBlog.Server\TokenBlog.Server.csproj", "{1A9BEB63-F003-4F8E-9AF0-C541F8C46F10}"
EndProject
Project("{FAE04EC0-301F-11D3-BF4B-00C04F79EFBC}") = "TokenBlog.WebAssembly", "src\Web\TokenBlog.WebAssembly\TokenBlog.WebAssembly.csproj", "{78604C44-4473-4909-9BA4-2D0D5919C0AE}"
EndProject
Global
	GlobalSection(SolutionConfigurationPlatforms) = preSolution
		Debug|Any CPU = Debug|Any CPU
		Debug|x86 = Debug|x86
		Release|Any CPU = Release|Any CPU
		Release|x86 = Release|x86
	EndGlobalSection
	GlobalSection(ProjectConfigurationPlatforms) = postSolution
		{4F5692DD-E6F4-4147-B059-92373831EB2B}.Debug|Any CPU.ActiveCfg = Debug|Any CPU
		{4F5692DD-E6F4-4147-B059-92373831EB2B}.Debug|Any CPU.Build.0 = Debug|Any CPU
		{4F5692DD-E6F4-4147-B059-92373831EB2B}.Debug|x86.ActiveCfg = Debug|Any CPU
		{4F5692DD-E6F4-4147-B059-92373831EB2B}.Debug|x86.Build.0 = Debug|Any CPU
		{4F5692DD-E6F4-4147-B059-92373831EB2B}.Release|Any CPU.ActiveCfg = Release|Any CPU
		{4F5692DD-E6F4-4147-B059-92373831EB2B}.Release|Any CPU.Build.0 = Release|Any CPU
		{4F5692DD-E6F4-4147-B059-92373831EB2B}.Release|x86.ActiveCfg = Release|Any CPU
		{4F5692DD-E6F4-4147-B059-92373831EB2B}.Release|x86.Build.0 = Release|Any CPU
		{B8B67934-BB85-48F3-B790-66D26EC23C2C}.Debug|Any CPU.ActiveCfg = Debug|Any CPU
		{B8B67934-BB85-48F3-B790-66D26EC23C2C}.Debug|Any CPU.Build.0 = Debug|Any CPU
		{B8B67934-BB85-48F3-B790-66D26EC23C2C}.Debug|x86.ActiveCfg = Debug|Any CPU
		{B8B67934-BB85-48F3-B790-66D26EC23C2C}.Debug|x86.Build.0 = Debug|Any CPU
		{B8B67934-BB85-48F3-B790-66D26EC23C2C}.Release|Any CPU.ActiveCfg = Release|Any CPU
		{B8B67934-BB85-48F3-B790-66D26EC23C2C}.Release|Any CPU.Build.0 = Release|Any CPU
		{B8B67934-BB85-48F3-B790-66D26EC23C2C}.Release|x86.ActiveCfg = Release|Any CPU
		{B8B67934-BB85-48F3-B790-66D26EC23C2C}.Release|x86.Build.0 = Release|Any CPU
		{E31BAA1D-1A07-4F7E-9E73-DC11FAD34915}.Debug|Any CPU.ActiveCfg = Debug|Any CPU
		{E31BAA1D-1A07-4F7E-9E73-DC11FAD34915}.Debug|Any CPU.Build.0 = Debug|Any CPU
		{E31BAA1D-1A07-4F7E-9E73-DC11FAD34915}.Debug|x86.ActiveCfg = Debug|Any CPU
		{E31BAA1D-1A07-4F7E-9E73-DC11FAD34915}.Debug|x86.Build.0 = Debug|Any CPU
		{E31BAA1D-1A07-4F7E-9E73-DC11FAD34915}.Release|Any CPU.ActiveCfg = Release|Any CPU
		{E31BAA1D-1A07-4F7E-9E73-DC11FAD34915}.Release|Any CPU.Build.0 = Release|Any CPU
		{E31BAA1D-1A07-4F7E-9E73-DC11FAD34915}.Release|x86.ActiveCfg = Release|Any CPU
		{E31BAA1D-1A07-4F7E-9E73-DC11FAD34915}.Release|x86.Build.0 = Release|Any CPU
		{136F7AE9-8428-40CC-831E-89AF92D70D66}.Debug|Any CPU.ActiveCfg = Debug|Any CPU
		{136F7AE9-8428-40CC-831E-89AF92D70D66}.Debug|Any CPU.Build.0 = Debug|Any CPU
		{136F7AE9-8428-40CC-831E-89AF92D70D66}.Debug|x86.ActiveCfg = Debug|Any CPU
		{136F7AE9-8428-40CC-831E-89AF92D70D66}.Debug|x86.Build.0 = Debug|Any CPU
		{136F7AE9-8428-40CC-831E-89AF92D70D66}.Release|Any CPU.ActiveCfg = Release|Any CPU
		{136F7AE9-8428-40CC-831E-89AF92D70D66}.Release|Any CPU.Build.0 = Release|Any CPU
		{136F7AE9-8428-40CC-831E-89AF92D70D66}.Release|x86.ActiveCfg = Release|Any CPU
		{136F7AE9-8428-40CC-831E-89AF92D70D66}.Release|x86.Build.0 = Release|Any CPU
		{1A9BEB63-F003-4F8E-9AF0-C541F8C46F10}.Debug|Any CPU.ActiveCfg = Debug|Any CPU
		{1A9BEB63-F003-4F8E-9AF0-C541F8C46F10}.Debug|Any CPU.Build.0 = Debug|Any CPU
		{1A9BEB63-F003-4F8E-9AF0-C541F8C46F10}.Debug|x86.ActiveCfg = Debug|Any CPU
		{1A9BEB63-F003-4F8E-9AF0-C541F8C46F10}.Debug|x86.Build.0 = Debug|Any CPU
		{1A9BEB63-F003-4F8E-9AF0-C541F8C46F10}.Release|Any CPU.ActiveCfg = Release|Any CPU
		{1A9BEB63-F003-4F8E-9AF0-C541F8C46F10}.Release|Any CPU.Build.0 = Release|Any CPU
		{1A9BEB63-F003-4F8E-9AF0-C541F8C46F10}.Release|x86.ActiveCfg = Release|Any CPU
		{1A9BEB63-F003-4F8E-9AF0-C541F8C46F10}.Release|x86.Build.0 = Release|Any CPU
		{78604C44-4473-4909-9BA4-2D0D5919C0AE}.Debug|Any CPU.ActiveCfg = Debug|Any CPU
		{78604C44-4473-4909-9BA4-2D0D5919C0AE}.Debug|Any CPU.Build.0 = Debug|Any CPU
		{78604C44-4473-4909-9BA4-2D0D5919C0AE}.Debug|x86.ActiveCfg = Debug|Any CPU
		{78604C44-4473-4909-9BA4-2D0D5919C0AE}.Debug|x86.Build.0 = Debug|Any CPU
		{78604C44-4473-4909-9BA4-2D0D5919C0AE}.Release|Any CPU.ActiveCfg = Release|Any CPU
		{78604C44-4473-4909-9BA4-2D0D5919C0AE}.Release|Any CPU.Build.0 = Release|Any CPU
		{78604C44-4473-4909-9BA4-2D0D5919C0AE}.Release|x86.ActiveCfg = Release|Any CPU
		{78604C44-4473-4909-9BA4-2D0D5919C0AE}.Release|x86.Build.0 = Release|Any CPU
	EndGlobalSection
	GlobalSection(SolutionProperties) = preSolution
		HideSolutionNode = FALSE
	EndGlobalSection
	GlobalSection(NestedProjects) = preSolution
		{4A1D2DFA-D091-4CD2-B9CB-D7AAA795ABD9} = {92F40AFA-8416-40BE-9893-D35E1924C69D}
		{FBFB499A-7022-4417-881B-68F63DBDB7F4} = {E011B243-0389-468B-B903-83445BED69A4}
		{4F5692DD-E6F4-4147-B059-92373831EB2B} = {4A1D2DFA-D091-4CD2-B9CB-D7AAA795ABD9}
		{88AD0A79-5286-4C1C-8A58-AAC9E6870CCD} = {92F40AFA-8416-40BE-9893-D35E1924C69D}
		{B8B67934-BB85-48F3-B790-66D26EC23C2C} = {88AD0A79-5286-4C1C-8A58-AAC9E6870CCD}
		{F3986DD3-0372-4929-B72A-09D93196541E} = {92F40AFA-8416-40BE-9893-D35E1924C69D}
		{32774681-0D67-48A6-A379-D57015094F85} = {92F40AFA-8416-40BE-9893-D35E1924C69D}
		{E31BAA1D-1A07-4F7E-9E73-DC11FAD34915} = {32774681-0D67-48A6-A379-D57015094F85}
		{136F7AE9-8428-40CC-831E-89AF92D70D66} = {F3986DD3-0372-4929-B72A-09D93196541E}
		{1A9BEB63-F003-4F8E-9AF0-C541F8C46F10} = {F3986DD3-0372-4929-B72A-09D93196541E}
		{78604C44-4473-4909-9BA4-2D0D5919C0AE} = {F3986DD3-0372-4929-B72A-09D93196541E}
	EndGlobalSection
	GlobalSection(ExtensibilityGlobals) = postSolution
		SolutionGuid = {B83BA2BA-19E5-41FB-A92A-16A03DA229E4}
	EndGlobalSection
EndGlobal
